
Microsoft Visual Studio Solution File, Format Version 12.00
# Visual Studio Version 17
VisualStudioVersion = 17.12.35527.113 d17.12
MinimumVisualStudioVersion = 10.0.40219.1
Project("{FAE04EC0-301F-11D3-BF4B-00C04F79EFBC}") = "StudyDapper", "StudyDapper\StudyDapper.csproj", "{9A76D13A-84A8-4444-98D4-6F88ED8FEBDB}"
EndProject
Global
	GlobalSection(SolutionConfigurationPlatforms) = preSolution
		Debug|Any CPU = Debug|Any CPU
		Release|Any CPU = Release|Any CPU
	EndGlobalSection
	GlobalSection(ProjectConfigurationPlatforms) = postSolution
		{9A76D13A-84A8-4444-98D4-6F88ED8FEBDB}.Debug|Any CPU.ActiveCfg = Debug|Any CPU
		{9A76D13A-84A8-4444-98D4-6F88ED8FEBDB}.Debug|Any CPU.Build.0 = Debug|Any CPU
		{9A76D13A-84A8-4444-98D4-6F88ED8FEBDB}.Release|Any CPU.ActiveCfg = Release|Any CPU
		{9A76D13A-84A8-4444-98D4-6F88ED8FEBDB}.Release|Any CPU.Build.0 = Release|Any CPU
	EndGlobalSection
	GlobalSection(SolutionProperties) = preSolution
		HideSolutionNode = FALSE
	EndGlobalSection
EndGlobal
